// !$*UTF8*$!
{
	archiveVersion = 1;
	classes = {
	};
	objectVersion = 55;
	objects = {

/* Begin PBXBuildFile section */
		5C7E8845FE1D6737549665E7 /* Pods_weekOne.framework in Frameworks */ = {isa = PBXBuildFile; fileRef = D1B6D01C1387956487591B57 /* Pods_weekOne.framework */; };
		CB23B314285980E3001A241F /* books.json in Resources */ = {isa = PBXBuildFile; fileRef = CB23B313285980E3001A241F /* books.json */; };
		CB23B31628598688001A241F /* booksModel.swift in Sources */ = {isa = PBXBuildFile; fileRef = CB23B31528598688001A241F /* booksModel.swift */; };
		CB35AAA12856D39C00D307FF /* AppDelegate.swift in Sources */ = {isa = PBXBuildFile; fileRef = CB35AAA02856D39C00D307FF /* AppDelegate.swift */; };
		CB35AAA32856D39C00D307FF /* SceneDelegate.swift in Sources */ = {isa = PBXBuildFile; fileRef = CB35AAA22856D39C00D307FF /* SceneDelegate.swift */; };
		CB35AAA52856D39C00D307FF /* ViewController.swift in Sources */ = {isa = PBXBuildFile; fileRef = CB35AAA42856D39C00D307FF /* ViewController.swift */; };
		CB35AAA82856D39C00D307FF /* Main.storyboard in Resources */ = {isa = PBXBuildFile; fileRef = CB35AAA62856D39C00D307FF /* Main.storyboard */; };
		CB35AAAA2856D39E00D307FF /* Assets.xcassets in Resources */ = {isa = PBXBuildFile; fileRef = CB35AAA92856D39E00D307FF /* Assets.xcassets */; };
		CB35AAAD2856D39E00D307FF /* LaunchScreen.storyboard in Resources */ = {isa = PBXBuildFile; fileRef = CB35AAAB2856D39E00D307FF /* LaunchScreen.storyboard */; };
		CB35AAB92857128800D307FF /* orangeViewController.swift in Sources */ = {isa = PBXBuildFile; fileRef = CB35AAB82857128800D307FF /* orangeViewController.swift */; };
		CB35AABB28571C2800D307FF /* redViewController.swift in Sources */ = {isa = PBXBuildFile; fileRef = CB35AABA28571C2800D307FF /* redViewController.swift */; };
		CB35AABD2857356400D307FF /* brownViewController.swift in Sources */ = {isa = PBXBuildFile; fileRef = CB35AABC2857356400D307FF /* brownViewController.swift */; };
		CB35AABF2857358500D307FF /* cyanViewController.swift in Sources */ = {isa = PBXBuildFile; fileRef = CB35AABE2857358500D307FF /* cyanViewController.swift */; };
		CB35AAC1285735A000D307FF /* mintViewController.swift in Sources */ = {isa = PBXBuildFile; fileRef = CB35AAC0285735A000D307FF /* mintViewController.swift */; };
		CBC099A328599E70008AE9DF /* CustomTableViewCell.swift in Sources */ = {isa = PBXBuildFile; fileRef = CBC099A128599E70008AE9DF /* CustomTableViewCell.swift */; };
		CBC099A428599E70008AE9DF /* CustomTableViewCell.xib in Resources */ = {isa = PBXBuildFile; fileRef = CBC099A228599E70008AE9DF /* CustomTableViewCell.xib */; };
		CBC099AA2859E331008AE9DF /* MicrosoftTeams-image.png in Resources */ = {isa = PBXBuildFile; fileRef = CBC099A92859E331008AE9DF /* MicrosoftTeams-image.png */; };
/* End PBXBuildFile section */

/* Begin PBXFileReference section */
		1EDB4C2FE6234201ABD2362C /* Pods-weekOne.debug.xcconfig */ = {isa = PBXFileReference; includeInIndex = 1; lastKnownFileType = text.xcconfig; name = "Pods-weekOne.debug.xcconfig"; path = "Target Support Files/Pods-weekOne/Pods-weekOne.debug.xcconfig"; sourceTree = "<group>"; };
		9D71AAEF78AB7F07453CE5B6 /* Pods-weekOne.release.xcconfig */ = {isa = PBXFileReference; includeInIndex = 1; lastKnownFileType = text.xcconfig; name = "Pods-weekOne.release.xcconfig"; path = "Target Support Files/Pods-weekOne/Pods-weekOne.release.xcconfig"; sourceTree = "<group>"; };
		CB23B31028596BA7001A241F /* MyPlayground.playground */ = {isa = PBXFileReference; lastKnownFileType = file.playground; path = MyPlayground.playground; sourceTree = "<group>"; xcLanguageSpecificationIdentifier = xcode.lang.swift; };
		CB23B313285980E3001A241F /* books.json */ = {isa = PBXFileReference; fileEncoding = 4; lastKnownFileType = text.json; path = books.json; sourceTree = "<group>"; };
		CB23B31528598688001A241F /* booksModel.swift */ = {isa = PBXFileReference; lastKnownFileType = sourcecode.swift; path = booksModel.swift; sourceTree = "<group>"; };
		CB35AA9D2856D39C00D307FF /* weekOne.app */ = {isa = PBXFileReference; explicitFileType = wrapper.application; includeInIndex = 0; path = weekOne.app; sourceTree = BUILT_PRODUCTS_DIR; };
		CB35AAA02856D39C00D307FF /* AppDelegate.swift */ = {isa = PBXFileReference; lastKnownFileType = sourcecode.swift; path = AppDelegate.swift; sourceTree = "<group>"; };
		CB35AAA22856D39C00D307FF /* SceneDelegate.swift */ = {isa = PBXFileReference; lastKnownFileType = sourcecode.swift; path = SceneDelegate.swift; sourceTree = "<group>"; };
		CB35AAA42856D39C00D307FF /* ViewController.swift */ = {isa = PBXFileReference; lastKnownFileType = sourcecode.swift; path = ViewController.swift; sourceTree = "<group>"; };
		CB35AAA72856D39C00D307FF /* Base */ = {isa = PBXFileReference; lastKnownFileType = file.storyboard; name = Base; path = Base.lproj/Main.storyboard; sourceTree = "<group>"; };
		CB35AAA92856D39E00D307FF /* Assets.xcassets */ = {isa = PBXFileReference; lastKnownFileType = folder.assetcatalog; path = Assets.xcassets; sourceTree = "<group>"; };
		CB35AAAC2856D39E00D307FF /* Base */ = {isa = PBXFileReference; lastKnownFileType = file.storyboard; name = Base; path = Base.lproj/LaunchScreen.storyboard; sourceTree = "<group>"; };
		CB35AAAE2856D39E00D307FF /* Info.plist */ = {isa = PBXFileReference; lastKnownFileType = text.plist.xml; path = Info.plist; sourceTree = "<group>"; };
		CB35AAB82857128800D307FF /* orangeViewController.swift */ = {isa = PBXFileReference; lastKnownFileType = sourcecode.swift; path = orangeViewController.swift; sourceTree = "<group>"; };
		CB35AABA28571C2800D307FF /* redViewController.swift */ = {isa = PBXFileReference; lastKnownFileType = sourcecode.swift; path = redViewController.swift; sourceTree = "<group>"; };
		CB35AABC2857356400D307FF /* brownViewController.swift */ = {isa = PBXFileReference; lastKnownFileType = sourcecode.swift; path = brownViewController.swift; sourceTree = "<group>"; };
		CB35AABE2857358500D307FF /* cyanViewController.swift */ = {isa = PBXFileReference; lastKnownFileType = sourcecode.swift; path = cyanViewController.swift; sourceTree = "<group>"; };
		CB35AAC0285735A000D307FF /* mintViewController.swift */ = {isa = PBXFileReference; lastKnownFileType = sourcecode.swift; path = mintViewController.swift; sourceTree = "<group>"; };
		CBC099A128599E70008AE9DF /* CustomTableViewCell.swift */ = {isa = PBXFileReference; lastKnownFileType = sourcecode.swift; path = CustomTableViewCell.swift; sourceTree = "<group>"; };
		CBC099A228599E70008AE9DF /* CustomTableViewCell.xib */ = {isa = PBXFileReference; lastKnownFileType = file.xib; path = CustomTableViewCell.xib; sourceTree = "<group>"; };
		CBC099A92859E331008AE9DF /* MicrosoftTeams-image.png */ = {isa = PBXFileReference; lastKnownFileType = image.png; name = "MicrosoftTeams-image.png"; path = "../../../../Downloads/MicrosoftTeams-image.png"; sourceTree = "<group>"; };
		D1B6D01C1387956487591B57 /* Pods_weekOne.framework */ = {isa = PBXFileReference; explicitFileType = wrapper.framework; includeInIndex = 0; path = Pods_weekOne.framework; sourceTree = BUILT_PRODUCTS_DIR; };
/* End PBXFileReference section */

/* Begin PBXFrameworksBuildPhase section */
		CB35AA9A2856D39C00D307FF /* Frameworks */ = {
			isa = PBXFrameworksBuildPhase;
			buildActionMask = 2147483647;
			files = (
				5C7E8845FE1D6737549665E7 /* Pods_weekOne.framework in Frameworks */,
			);
			runOnlyForDeploymentPostprocessing = 0;
		};
/* End PBXFrameworksBuildPhase section */

/* Begin PBXGroup section */
		348B3F07BF788443FDB2AAB3 /* Frameworks */ = {
			isa = PBXGroup;
			children = (
				D1B6D01C1387956487591B57 /* Pods_weekOne.framework */,
			);
			name = Frameworks;
			sourceTree = "<group>";
		};
		5960DCE42B92712944538655 /* Pods */ = {
			isa = PBXGroup;
			children = (
				1EDB4C2FE6234201ABD2362C /* Pods-weekOne.debug.xcconfig */,
				9D71AAEF78AB7F07453CE5B6 /* Pods-weekOne.release.xcconfig */,
			);
			path = Pods;
			sourceTree = "<group>";
		};
		CB35AA942856D39C00D307FF = {
			isa = PBXGroup;
			children = (
				CB35AA9F2856D39C00D307FF /* weekOne */,
				CB35AA9E2856D39C00D307FF /* Products */,
				5960DCE42B92712944538655 /* Pods */,
				348B3F07BF788443FDB2AAB3 /* Frameworks */,
			);
			sourceTree = "<group>";
		};
		CB35AA9E2856D39C00D307FF /* Products */ = {
			isa = PBXGroup;
			children = (
				CB35AA9D2856D39C00D307FF /* weekOne.app */,
			);
			name = Products;
			sourceTree = "<group>";
		};
		CB35AA9F2856D39C00D307FF /* weekOne */ = {
			isa = PBXGroup;
			children = (
				CB23B313285980E3001A241F /* books.json */,
				CB35AAA02856D39C00D307FF /* AppDelegate.swift */,
				CB35AAA22856D39C00D307FF /* SceneDelegate.swift */,
				CB35AAA42856D39C00D307FF /* ViewController.swift */,
				CB35AAA62856D39C00D307FF /* Main.storyboard */,
				CBC099A128599E70008AE9DF /* CustomTableViewCell.swift */,
				CBC099A228599E70008AE9DF /* CustomTableViewCell.xib */,
				CB35AABC2857356400D307FF /* brownViewController.swift */,
				CB35AABE2857358500D307FF /* cyanViewController.swift */,
				CB35AAC0285735A000D307FF /* mintViewController.swift */,
				CB35AABA28571C2800D307FF /* redViewController.swift */,
				CB35AAA92856D39E00D307FF /* Assets.xcassets */,
				CBC099A92859E331008AE9DF /* MicrosoftTeams-image.png */,
				CB35AAAB2856D39E00D307FF /* LaunchScreen.storyboard */,
				CB35AAAE2856D39E00D307FF /* Info.plist */,
				CB35AAB82857128800D307FF /* orangeViewController.swift */,
				CB23B31028596BA7001A241F /* MyPlayground.playground */,
				CB23B31528598688001A241F /* booksModel.swift */,
			);
			path = weekOne;
			sourceTree = "<group>";
		};
/* End PBXGroup section */

/* Begin PBXNativeTarget section */
		CB35AA9C2856D39C00D307FF /* weekOne */ = {
			isa = PBXNativeTarget;
			buildConfigurationList = CB35AAB12856D39E00D307FF /* Build configuration list for PBXNativeTarget "weekOne" */;
			buildPhases = (
				DD6D335EA49F92C95DEF3844 /* [CP] Check Pods Manifest.lock */,
				CB35AA992856D39C00D307FF /* Sources */,
				CB35AA9A2856D39C00D307FF /* Frameworks */,
				CB35AA9B2856D39C00D307FF /* Resources */,
				CFBD6AE53B7D42FFFF3FDB5A /* [CP] Embed Pods Frameworks */,
			);
			buildRules = (
			);
			dependencies = (
			);
			name = weekOne;
			productName = weekOne;
			productReference = CB35AA9D2856D39C00D307FF /* weekOne.app */;
			productType = "com.apple.product-type.application";
		};
/* End PBXNativeTarget section */

/* Begin PBXProject section */
		CB35AA952856D39C00D307FF /* Project object */ = {
			isa = PBXProject;
			attributes = {
				BuildIndependentTargetsInParallel = 1;
				LastSwiftUpdateCheck = 1330;
				LastUpgradeCheck = 1330;
				TargetAttributes = {
					CB35AA9C2856D39C00D307FF = {
						CreatedOnToolsVersion = 13.3.1;
					};
				};
			};
			buildConfigurationList = CB35AA982856D39C00D307FF /* Build configuration list for PBXProject "weekOne" */;
			compatibilityVersion = "Xcode 13.0";
			developmentRegion = en;
			hasScannedForEncodings = 0;
			knownRegions = (
				en,
				Base,
			);
			mainGroup = CB35AA942856D39C00D307FF;
			productRefGroup = CB35AA9E2856D39C00D307FF /* Products */;
			projectDirPath = "";
			projectRoot = "";
			targets = (
				CB35AA9C2856D39C00D307FF /* weekOne */,
			);
		};
/* End PBXProject section */

/* Begin PBXResourcesBuildPhase section */
		CB35AA9B2856D39C00D307FF /* Resources */ = {
			isa = PBXResourcesBuildPhase;
			buildActionMask = 2147483647;
			files = (
				CB23B314285980E3001A241F /* books.json in Resources */,
				CB35AAAD2856D39E00D307FF /* LaunchScreen.storyboard in Resources */,
				CB35AAAA2856D39E00D307FF /* Assets.xcassets in Resources */,
				CBC099AA2859E331008AE9DF /* MicrosoftTeams-image.png in Resources */,
				CBC099A428599E70008AE9DF /* CustomTableViewCell.xib in Resources */,
				CB35AAA82856D39C00D307FF /* Main.storyboard in Resources */,
			);
			runOnlyForDeploymentPostprocessing = 0;
		};
/* End PBXResourcesBuildPhase section */

/* Begin PBXShellScriptBuildPhase section */
		CFBD6AE53B7D42FFFF3FDB5A /* [CP] Embed Pods Frameworks */ = {
			isa = PBXShellScriptBuildPhase;
			buildActionMask = 2147483647;
			files = (
			);
			inputFileListPaths = (
				"${PODS_ROOT}/Target Support Files/Pods-weekOne/Pods-weekOne-frameworks-${CONFIGURATION}-input-files.xcfilelist",
			);
			name = "[CP] Embed Pods Frameworks";
			outputFileListPaths = (
				"${PODS_ROOT}/Target Support Files/Pods-weekOne/Pods-weekOne-frameworks-${CONFIGURATION}-output-files.xcfilelist",
			);
			runOnlyForDeploymentPostprocessing = 0;
			shellPath = /bin/sh;
			shellScript = "\"${PODS_ROOT}/Target Support Files/Pods-weekOne/Pods-weekOne-frameworks.sh\"\n";
			showEnvVarsInLog = 0;
		};
		DD6D335EA49F92C95DEF3844 /* [CP] Check Pods Manifest.lock */ = {
			isa = PBXShellScriptBuildPhase;
			buildActionMask = 2147483647;
			files = (
			);
			inputFileListPaths = (
			);
			inputPaths = (
				"${PODS_PODFILE_DIR_PATH}/Podfile.lock",
				"${PODS_ROOT}/Manifest.lock",
			);
			name = "[CP] Check Pods Manifest.lock";
			outputFileListPaths = (
			);
			outputPaths = (
				"$(DERIVED_FILE_DIR)/Pods-weekOne-checkManifestLockResult.txt",
			);
			runOnlyForDeploymentPostprocessing = 0;
			shellPath = /bin/sh;
			shellScript = "diff \"${PODS_PODFILE_DIR_PATH}/Podfile.lock\" \"${PODS_ROOT}/Manifest.lock\" > /dev/null\nif [ $? != 0 ] ; then\n    # print error to STDERR\n    echo \"error: The sandbox is not in sync with the Podfile.lock. Run 'pod install' or update your CocoaPods installation.\" >&2\n    exit 1\nfi\n# This output is used by Xcode 'outputs' to avoid re-running this script phase.\necho \"SUCCESS\" > \"${SCRIPT_OUTPUT_FILE_0}\"\n";
			showEnvVarsInLog = 0;
		};
/* End PBXShellScriptBuildPhase section */

/* Begin PBXSourcesBuildPhase section */
		CB35AA992856D39C00D307FF /* Sources */ = {
			isa = PBXSourcesBuildPhase;
			buildActionMask = 2147483647;
			files = (
				CB35AAA52856D39C00D307FF /* ViewController.swift in Sources */,
				CB35AABF2857358500D307FF /* cyanViewController.swift in Sources */,
				CBC099A328599E70008AE9DF /* CustomTableViewCell.swift in Sources */,
				CB35AAC1285735A000D307FF /* mintViewController.swift in Sources */,
				CB35AAB92857128800D307FF /* orangeViewController.swift in Sources */,
				CB23B31628598688001A241F /* booksModel.swift in Sources */,
				CB35AABB28571C2800D307FF /* redViewController.swift in Sources */,
				CB35AABD2857356400D307FF /* brownViewController.swift in Sources */,
				CB35AAA12856D39C00D307FF /* AppDelegate.swift in Sources */,
				CB35AAA32856D39C00D307FF /* SceneDelegate.swift in Sources */,
			);
			runOnlyForDeploymentPostprocessing = 0;
		};
/* End PBXSourcesBuildPhase section */

/* Begin PBXVariantGroup section */
		CB35AAA62856D39C00D307FF /* Main.storyboard */ = {
			isa = PBXVariantGroup;
			children = (
				CB35AAA72856D39C00D307FF /* Base */,
			);
			name = Main.storyboard;
			sourceTree = "<group>";
		};
		CB35AAAB2856D39E00D307FF /* LaunchScreen.storyboard */ = {
			isa = PBXVariantGroup;
			children = (
				CB35AAAC2856D39E00D307FF /* Base */,
			);
			name = LaunchScreen.storyboard;
			sourceTree = "<group>";
		};
/* End PBXVariantGroup section */

/* Begin XCBuildConfiguration section */
		CB35AAAF2856D39E00D307FF /* Debug */ = {
			isa = XCBuildConfiguration;
			buildSettings = {
				ALWAYS_SEARCH_USER_PATHS = NO;
				CLANG_ANALYZER_NONNULL = YES;
				CLANG_ANALYZER_NUMBER_OBJECT_CONVERSION = YES_AGGRESSIVE;
				CLANG_CXX_LANGUAGE_STANDARD = "gnu++17";
				CLANG_ENABLE_MODULES = YES;
				CLANG_ENABLE_OBJC_ARC = YES;
				CLANG_ENABLE_OBJC_WEAK = YES;
				CLANG_WARN_BLOCK_CAPTURE_AUTORELEASING = YES;
				CLANG_WARN_BOOL_CONVERSION = YES;
				CLANG_WARN_COMMA = YES;
				CLANG_WARN_CONSTANT_CONVERSION = YES;
				CLANG_WARN_DEPRECATED_OBJC_IMPLEMENTATIONS = YES;
				CLANG_WARN_DIRECT_OBJC_ISA_USAGE = YES_ERROR;
				CLANG_WARN_DOCUMENTATION_COMMENTS = YES;
				CLANG_WARN_EMPTY_BODY = YES;
				CLANG_WARN_ENUM_CONVERSION = YES;
				CLANG_WARN_INFINITE_RECURSION = YES;
				CLANG_WARN_INT_CONVERSION = YES;
				CLANG_WARN_NON_LITERAL_NULL_CONVERSION = YES;
				CLANG_WARN_OBJC_IMPLICIT_RETAIN_SELF = YES;
				CLANG_WARN_OBJC_LITERAL_CONVERSION = YES;
				CLANG_WARN_OBJC_ROOT_CLASS = YES_ERROR;
				CLANG_WARN_QUOTED_INCLUDE_IN_FRAMEWORK_HEADER = YES;
				CLANG_WARN_RANGE_LOOP_ANALYSIS = YES;
				CLANG_WARN_STRICT_PROTOTYPES = YES;
				CLANG_WARN_SUSPICIOUS_MOVE = YES;
				CLANG_WARN_UNGUARDED_AVAILABILITY = YES_AGGRESSIVE;
				CLANG_WARN_UNREACHABLE_CODE = YES;
				CLANG_WARN__DUPLICATE_METHOD_MATCH = YES;
				COPY_PHASE_STRIP = NO;
				DEBUG_INFORMATION_FORMAT = dwarf;
				ENABLE_STRICT_OBJC_MSGSEND = YES;
				ENABLE_TESTABILITY = YES;
				GCC_C_LANGUAGE_STANDARD = gnu11;
				GCC_DYNAMIC_NO_PIC = NO;
				GCC_NO_COMMON_BLOCKS = YES;
				GCC_OPTIMIZATION_LEVEL = 0;
				GCC_PREPROCESSOR_DEFINITIONS = (
					"DEBUG=1",
					"$(inherited)",
				);
				GCC_WARN_64_TO_32_BIT_CONVERSION = YES;
				GCC_WARN_ABOUT_RETURN_TYPE = YES_ERROR;
				GCC_WARN_UNDECLARED_SELECTOR = YES;
				GCC_WARN_UNINITIALIZED_AUTOS = YES_AGGRESSIVE;
				GCC_WARN_UNUSED_FUNCTION = YES;
				GCC_WARN_UNUSED_VARIABLE = YES;
				IPHONEOS_DEPLOYMENT_TARGET = 15.4;
				MTL_ENABLE_DEBUG_INFO = INCLUDE_SOURCE;
				MTL_FAST_MATH = YES;
				ONLY_ACTIVE_ARCH = YES;
				SDKROOT = iphoneos;
				SWIFT_ACTIVE_COMPILATION_CONDITIONS = DEBUG;
				SWIFT_OPTIMIZATION_LEVEL = "-Onone";
			};
			name = Debug;
		};
		CB35AAB02856D39E00D307FF /* Release */ = {
			isa = XCBuildConfiguration;
			buildSettings = {
				ALWAYS_SEARCH_USER_PATHS = NO;
				CLANG_ANALYZER_NONNULL = YES;
				CLANG_ANALYZER_NUMBER_OBJECT_CONVERSION = YES_AGGRESSIVE;
				CLANG_CXX_LANGUAGE_STANDARD = "gnu++17";
				CLANG_ENABLE_MODULES = YES;
				CLANG_ENABLE_OBJC_ARC = YES;
				CLANG_ENABLE_OBJC_WEAK = YES;
				CLANG_WARN_BLOCK_CAPTURE_AUTORELEASING = YES;
				CLANG_WARN_BOOL_CONVERSION = YES;
				CLANG_WARN_COMMA = YES;
				CLANG_WARN_CONSTANT_CONVERSION = YES;
				CLANG_WARN_DEPRECATED_OBJC_IMPLEMENTATIONS = YES;
				CLANG_WARN_DIRECT_OBJC_ISA_USAGE = YES_ERROR;
				CLANG_WARN_DOCUMENTATION_COMMENTS = YES;
				CLANG_WARN_EMPTY_BODY = YES;
				CLANG_WARN_ENUM_CONVERSION = YES;
				CLANG_WARN_INFINITE_RECURSION = YES;
				CLANG_WARN_INT_CONVERSION = YES;
				CLANG_WARN_NON_LITERAL_NULL_CONVERSION = YES;
				CLANG_WARN_OBJC_IMPLICIT_RETAIN_SELF = YES;
				CLANG_WARN_OBJC_LITERAL_CONVERSION = YES;
				CLANG_WARN_OBJC_ROOT_CLASS = YES_ERROR;
				CLANG_WARN_QUOTED_INCLUDE_IN_FRAMEWORK_HEADER = YES;
				CLANG_WARN_RANGE_LOOP_ANALYSIS = YES;
				CLANG_WARN_STRICT_PROTOTYPES = YES;
				CLANG_WARN_SUSPICIOUS_MOVE = YES;
				CLANG_WARN_UNGUARDED_AVAILABILITY = YES_AGGRESSIVE;
				CLANG_WARN_UNREACHABLE_CODE = YES;
				CLANG_WARN__DUPLICATE_METHOD_MATCH = YES;
				COPY_PHASE_STRIP = NO;
				DEBUG_INFORMATION_FORMAT = "dwarf-with-dsym";
				ENABLE_NS_ASSERTIONS = NO;
				ENABLE_STRICT_OBJC_MSGSEND = YES;
				GCC_C_LANGUAGE_STANDARD = gnu11;
				GCC_NO_COMMON_BLOCKS = YES;
				GCC_WARN_64_TO_32_BIT_CONVERSION = YES;
				GCC_WARN_ABOUT_RETURN_TYPE = YES_ERROR;
				GCC_WARN_UNDECLARED_SELECTOR = YES;
				GCC_WARN_UNINITIALIZED_AUTOS = YES_AGGRESSIVE;
				GCC_WARN_UNUSED_FUNCTION = YES;
				GCC_WARN_UNUSED_VARIABLE = YES;
				IPHONEOS_DEPLOYMENT_TARGET = 15.4;
				MTL_ENABLE_DEBUG_INFO = NO;
				MTL_FAST_MATH = YES;
				SDKROOT = iphoneos;
				SWIFT_COMPILATION_MODE = wholemodule;
				SWIFT_OPTIMIZATION_LEVEL = "-O";
				VALIDATE_PRODUCT = YES;
			};
			name = Release;
		};
		CB35AAB22856D39E00D307FF /* Debug */ = {
			isa = XCBuildConfiguration;
			baseConfigurationReference = 1EDB4C2FE6234201ABD2362C /* Pods-weekOne.debug.xcconfig */;
			buildSettings = {
				ASSETCATALOG_COMPILER_APPICON_NAME = AppIcon;
				ASSETCATALOG_COMPILER_GLOBAL_ACCENT_COLOR_NAME = AccentColor;
				CODE_SIGN_STYLE = Automatic;
				CURRENT_PROJECT_VERSION = 1;
				GENERATE_INFOPLIST_FILE = YES;
				INFOPLIST_FILE = weekOne/Info.plist;
				INFOPLIST_KEY_UIApplicationSupportsIndirectInputEvents = YES;
				INFOPLIST_KEY_UILaunchStoryboardName = LaunchScreen;
				INFOPLIST_KEY_UIMainStoryboardFile = Main;
				INFOPLIST_KEY_UISupportedInterfaceOrientations_iPad = "UIInterfaceOrientationPortrait UIInterfaceOrientationPortraitUpsideDown UIInterfaceOrientationLandscapeLeft UIInterfaceOrientationLandscapeRight";
				INFOPLIST_KEY_UISupportedInterfaceOrientations_iPhone = "UIInterfaceOrientationPortrait UIInterfaceOrientationLandscapeLeft UIInterfaceOrientationLandscapeRight";
				LD_RUNPATH_SEARCH_PATHS = (
					"$(inherited)",
					"@executable_path/Frameworks",
				);
				MARKETING_VERSION = 1.0;
				PRODUCT_BUNDLE_IDENTIFIER = com.ocbcnisp.weekOne;
				PRODUCT_NAME = "$(TARGET_NAME)";
				SWIFT_EMIT_LOC_STRINGS = YES;
				SWIFT_VERSION = 5.0;
				TARGETED_DEVICE_FAMILY = "1,2";
			};
			name = Debug;
		};
		CB35AAB32856D39E00D307FF /* Release */ = {
			isa = XCBuildConfiguration;
			baseConfigurationReference = 9D71AAEF78AB7F07453CE5B6 /* Pods-weekOne.release.xcconfig */;
			buildSettings = {
				ASSETCATALOG_COMPILER_APPICON_NAME = AppIcon;
				ASSETCATALOG_COMPILER_GLOBAL_ACCENT_COLOR_NAME = AccentColor;
				CODE_SIGN_STYLE = Automatic;
				CURRENT_PROJECT_VERSION = 1;
				GENERATE_INFOPLIST_FILE = YES;
				INFOPLIST_FILE = weekOne/Info.plist;
				INFOPLIST_KEY_UIApplicationSupportsIndirectInputEvents = YES;
				INFOPLIST_KEY_UILaunchStoryboardName = LaunchScreen;
				INFOPLIST_KEY_UIMainStoryboardFile = Main;
				INFOPLIST_KEY_UISupportedInterfaceOrientations_iPad = "UIInterfaceOrientationPortrait UIInterfaceOrientationPortraitUpsideDown UIInterfaceOrientationLandscapeLeft UIInterfaceOrientationLandscapeRight";
				INFOPLIST_KEY_UISupportedInterfaceOrientations_iPhone = "UIInterfaceOrientationPortrait UIInterfaceOrientationLandscapeLeft UIInterfaceOrientationLandscapeRight";
				LD_RUNPATH_SEARCH_PATHS = (
					"$(inherited)",
					"@executable_path/Frameworks",
				);
				MARKETING_VERSION = 1.0;
				PRODUCT_BUNDLE_IDENTIFIER = com.ocbcnisp.weekOne;
				PRODUCT_NAME = "$(TARGET_NAME)";
				SWIFT_EMIT_LOC_STRINGS = YES;
				SWIFT_VERSION = 5.0;
				TARGETED_DEVICE_FAMILY = "1,2";
			};
			name = Release;
		};
/* End XCBuildConfiguration section */

/* Begin XCConfigurationList section */
		CB35AA982856D39C00D307FF /* Build configuration list for PBXProject "weekOne" */ = {
			isa = XCConfigurationList;
			buildConfigurations = (
				CB35AAAF2856D39E00D307FF /* Debug */,
				CB35AAB02856D39E00D307FF /* Release */,
			);
			defaultConfigurationIsVisible = 0;
			defaultConfigurationName = Release;
		};
		CB35AAB12856D39E00D307FF /* Build configuration list for PBXNativeTarget "weekOne" */ = {
			isa = XCConfigurationList;
			buildConfigurations = (
				CB35AAB22856D39E00D307FF /* Debug */,
				CB35AAB32856D39E00D307FF /* Release */,
			);
			defaultConfigurationIsVisible = 0;
			defaultConfigurationName = Release;
		};
/* End XCConfigurationList section */
	};
	rootObject = CB35AA952856D39C00D307FF /* Project object */;
}
